{
  "version": 4,
  "terraform_version": "1.9.6",
  "serial": 288,
  "lineage": "99663583-2615-143f-8a73-8ed61766ff7d",
  "outputs": {
    "frontend_elb_dns": {
      "value": "frontend-lb-1908239469.us-east-1.elb.amazonaws.com",
      "type": "string"
    }
  },
  "resources": [
    {
      "mode": "managed",
      "type": "aws_internet_gateway",
      "name": "igw_web",
      "provider": "provider[\"registry.terraform.io/hashicorp/aws\"]",
      "instances": [
        {
          "schema_version": 0,
          "attributes": {
            "arn": "arn:aws:ec2:us-east-1:689587120140:internet-gateway/igw-0203dede5dd12858e",
            "id": "igw-0203dede5dd12858e",
            "owner_id": "689587120140",
            "tags": {
              "Name": "igw_web"
            },
            "tags_all": {
              "Name": "igw_web"
            },
            "timeouts": null,
            "vpc_id": "vpc-0563f1ec43c9d91a6"
          },
          "sensitive_attributes": [],
          "private": "eyJlMmJmYjczMC1lY2FhLTExZTYtOGY4OC0zNDM2M2JjN2M0YzAiOnsiY3JlYXRlIjoxMjAwMDAwMDAwMDAwLCJkZWxldGUiOjEyMDAwMDAwMDAwMDAsInVwZGF0ZSI6MTIwMDAwMDAwMDAwMH19",
          "dependencies": [
            "aws_vpc.vpc_web"
          ]
        }
      ]
    },
    {
      "mode": "managed",
      "type": "aws_route",
      "name": "route_public_subnets",
      "provider": "provider[\"registry.terraform.io/hashicorp/aws\"]",
      "instances": [
        {
          "schema_version": 0,
          "attributes": {
            "carrier_gateway_id": "",
            "core_network_arn": "",
            "destination_cidr_block": "0.0.0.0/0",
            "destination_ipv6_cidr_block": "",
            "destination_prefix_list_id": "",
            "egress_only_gateway_id": "",
            "gateway_id": "igw-0203dede5dd12858e",
            "id": "r-rtb-02df1c0186b0fb6b21080289494",
            "instance_id": "",
            "instance_owner_id": "",
            "local_gateway_id": "",
            "nat_gateway_id": "",
            "network_interface_id": "",
            "origin": "CreateRoute",
            "route_table_id": "rtb-02df1c0186b0fb6b2",
            "state": "active",
            "timeouts": null,
            "transit_gateway_id": "",
            "vpc_endpoint_id": "",
            "vpc_peering_connection_id": ""
          },
          "sensitive_attributes": [],
          "private": "eyJlMmJmYjczMC1lY2FhLTExZTYtOGY4OC0zNDM2M2JjN2M0YzAiOnsiY3JlYXRlIjozMDAwMDAwMDAwMDAsImRlbGV0ZSI6MzAwMDAwMDAwMDAwLCJ1cGRhdGUiOjEyMDAwMDAwMDAwMH19",
          "dependencies": [
            "aws_internet_gateway.igw_web",
            "aws_route_table.rt_web",
            "aws_vpc.vpc_web"
          ]
        }
      ]
    },
    {
      "mode": "managed",
      "type": "aws_route_table",
      "name": "rt_web",
      "provider": "provider[\"registry.terraform.io/hashicorp/aws\"]",
      "instances": [
        {
          "schema_version": 0,
          "attributes": {
            "arn": "arn:aws:ec2:us-east-1:689587120140:route-table/rtb-02df1c0186b0fb6b2",
            "id": "rtb-02df1c0186b0fb6b2",
            "owner_id": "689587120140",
            "propagating_vgws": [],
            "route": [],
            "tags": null,
            "tags_all": {},
            "timeouts": null,
            "vpc_id": "vpc-0563f1ec43c9d91a6"
          },
          "sensitive_attributes": [],
          "private": "eyJlMmJmYjczMC1lY2FhLTExZTYtOGY4OC0zNDM2M2JjN2M0YzAiOnsiY3JlYXRlIjozMDAwMDAwMDAwMDAsImRlbGV0ZSI6MzAwMDAwMDAwMDAwLCJ1cGRhdGUiOjEyMDAwMDAwMDAwMH19",
          "dependencies": [
            "aws_vpc.vpc_web"
          ]
        }
      ]
    },
    {
      "mode": "managed",
      "type": "aws_route_table_association",
      "name": "rt_ass_public",
      "provider": "provider[\"registry.terraform.io/hashicorp/aws\"]",
      "instances": [
        {
          "index_key": 0,
          "schema_version": 0,
          "attributes": {
            "gateway_id": "",
            "id": "rtbassoc-0733df88e0e066a01",
            "route_table_id": "rtb-02df1c0186b0fb6b2",
            "subnet_id": "subnet-02685a92c7d068fd0",
            "timeouts": null
          },
          "sensitive_attributes": [],
          "private": "eyJlMmJmYjczMC1lY2FhLTExZTYtOGY4OC0zNDM2M2JjN2M0YzAiOnsiY3JlYXRlIjozMDAwMDAwMDAwMDAsImRlbGV0ZSI6MzAwMDAwMDAwMDAwLCJ1cGRhdGUiOjEyMDAwMDAwMDAwMH19",
          "dependencies": [
            "aws_route_table.rt_web",
            "aws_subnet.public_subnet_A",
            "aws_subnet.public_subnet_B",
            "aws_vpc.vpc_web"
          ]
        },
        {
          "index_key": 1,
          "schema_version": 0,
          "attributes": {
            "gateway_id": "",
            "id": "rtbassoc-05f94e103fef29be5",
            "route_table_id": "rtb-02df1c0186b0fb6b2",
            "subnet_id": "subnet-089f7d95ac4f6e296",
            "timeouts": null
          },
          "sensitive_attributes": [],
          "private": "eyJlMmJmYjczMC1lY2FhLTExZTYtOGY4OC0zNDM2M2JjN2M0YzAiOnsiY3JlYXRlIjozMDAwMDAwMDAwMDAsImRlbGV0ZSI6MzAwMDAwMDAwMDAwLCJ1cGRhdGUiOjEyMDAwMDAwMDAwMH19",
          "dependencies": [
            "aws_route_table.rt_web",
            "aws_subnet.public_subnet_A",
            "aws_subnet.public_subnet_B",
            "aws_vpc.vpc_web"
          ]
        }
      ]
    },
    {
      "mode": "managed",
      "type": "aws_subnet",
      "name": "public_subnet_A",
      "provider": "provider[\"registry.terraform.io/hashicorp/aws\"]",
      "instances": [
        {
          "schema_version": 1,
          "attributes": {
            "arn": "arn:aws:ec2:us-east-1:689587120140:subnet/subnet-02685a92c7d068fd0",
            "assign_ipv6_address_on_creation": false,
            "availability_zone": "us-east-1a",
            "availability_zone_id": "use1-az2",
            "cidr_block": "10.0.1.0/24",
            "customer_owned_ipv4_pool": "",
            "enable_dns64": false,
            "enable_lni_at_device_index": 0,
            "enable_resource_name_dns_a_record_on_launch": false,
            "enable_resource_name_dns_aaaa_record_on_launch": false,
            "id": "subnet-02685a92c7d068fd0",
            "ipv6_cidr_block": "",
            "ipv6_cidr_block_association_id": "",
            "ipv6_native": false,
            "map_customer_owned_ip_on_launch": false,
            "map_public_ip_on_launch": false,
            "outpost_arn": "",
            "owner_id": "689587120140",
            "private_dns_hostname_type_on_launch": "ip-name",
            "tags": {
              "Name": "public_subnet_A"
            },
            "tags_all": {
              "Name": "public_subnet_A"
            },
            "timeouts": null,
            "vpc_id": "vpc-0563f1ec43c9d91a6"
          },
          "sensitive_attributes": [],
          "private": "eyJlMmJmYjczMC1lY2FhLTExZTYtOGY4OC0zNDM2M2JjN2M0YzAiOnsiY3JlYXRlIjo2MDAwMDAwMDAwMDAsImRlbGV0ZSI6MTIwMDAwMDAwMDAwMH0sInNjaGVtYV92ZXJzaW9uIjoiMSJ9",
          "dependencies": [
            "aws_vpc.vpc_web"
          ]
        }
      ]
    },
    {
      "mode": "managed",
      "type": "aws_subnet",
      "name": "public_subnet_B",
      "provider": "provider[\"registry.terraform.io/hashicorp/aws\"]",
      "instances": [
        {
          "schema_version": 1,
          "attributes": {
            "arn": "arn:aws:ec2:us-east-1:689587120140:subnet/subnet-089f7d95ac4f6e296",
            "assign_ipv6_address_on_creation": false,
            "availability_zone": "us-east-1b",
            "availability_zone_id": "use1-az4",
            "cidr_block": "10.0.2.0/24",
            "customer_owned_ipv4_pool": "",
            "enable_dns64": false,
            "enable_lni_at_device_index": 0,
            "enable_resource_name_dns_a_record_on_launch": false,
            "enable_resource_name_dns_aaaa_record_on_launch": false,
            "id": "subnet-089f7d95ac4f6e296",
            "ipv6_cidr_block": "",
            "ipv6_cidr_block_association_id": "",
            "ipv6_native": false,
            "map_customer_owned_ip_on_launch": false,
            "map_public_ip_on_launch": false,
            "outpost_arn": "",
            "owner_id": "689587120140",
            "private_dns_hostname_type_on_launch": "ip-name",
            "tags": {
              "Name": "public_subnet_B"
            },
            "tags_all": {
              "Name": "public_subnet_B"
            },
            "timeouts": null,
            "vpc_id": "vpc-0563f1ec43c9d91a6"
          },
          "sensitive_attributes": [],
          "private": "eyJlMmJmYjczMC1lY2FhLTExZTYtOGY4OC0zNDM2M2JjN2M0YzAiOnsiY3JlYXRlIjo2MDAwMDAwMDAwMDAsImRlbGV0ZSI6MTIwMDAwMDAwMDAwMH0sInNjaGVtYV92ZXJzaW9uIjoiMSJ9",
          "dependencies": [
            "aws_vpc.vpc_web"
          ]
        }
      ]
    },
    {
      "mode": "managed",
      "type": "aws_vpc",
      "name": "vpc_web",
      "provider": "provider[\"registry.terraform.io/hashicorp/aws\"]",
      "instances": [
        {
          "schema_version": 1,
          "attributes": {
            "arn": "arn:aws:ec2:us-east-1:689587120140:vpc/vpc-0563f1ec43c9d91a6",
            "assign_generated_ipv6_cidr_block": false,
            "cidr_block": "10.0.0.0/16",
            "default_network_acl_id": "acl-0c00e91a6d9978a39",
            "default_route_table_id": "rtb-0654f3f84767e9add",
            "default_security_group_id": "sg-0e375d43d454432f6",
            "dhcp_options_id": "dopt-06ccb9d9cee9df1e4",
            "enable_dns_hostnames": false,
            "enable_dns_support": true,
            "enable_network_address_usage_metrics": false,
            "id": "vpc-0563f1ec43c9d91a6",
            "instance_tenancy": "default",
            "ipv4_ipam_pool_id": null,
            "ipv4_netmask_length": null,
            "ipv6_association_id": "",
            "ipv6_cidr_block": "",
            "ipv6_cidr_block_network_border_group": "",
            "ipv6_ipam_pool_id": "",
            "ipv6_netmask_length": 0,
            "main_route_table_id": "rtb-0654f3f84767e9add",
            "owner_id": "689587120140",
            "tags": {
              "Environment": "Development",
              "Name": "day26terraform",
              "Project": "TerraformProject"
            },
            "tags_all": {
              "Environment": "Development",
              "Name": "day26terraform",
              "Project": "TerraformProject"
            }
          },
          "sensitive_attributes": [],
          "private": "eyJzY2hlbWFfdmVyc2lvbiI6IjEifQ==",
          "create_before_destroy": true
        }
      ]
    },
    {
      "module": "module.asg",
      "mode": "managed",
      "type": "aws_autoscaling_group",
      "name": "frontendASG",
      "provider": "provider[\"registry.terraform.io/hashicorp/aws\"]",
      "instances": [
        {
          "schema_version": 1,
          "attributes": {
            "arn": "arn:aws:autoscaling:us-east-1:689587120140:autoScalingGroup:e3401dde-11cf-400b-becc-39bdf8283d71:autoScalingGroupName/frontendASG",
            "availability_zones": [
              "us-east-1a",
              "us-east-1b"
            ],
            "capacity_rebalance": false,
            "context": "",
            "default_cooldown": 300,
            "default_instance_warmup": 0,
            "desired_capacity": 2,
            "desired_capacity_type": "",
            "enabled_metrics": null,
            "force_delete": false,
            "force_delete_warm_pool": false,
            "health_check_grace_period": 300,
            "health_check_type": "EC2",
            "id": "frontendASG",
            "ignore_failed_scaling_activities": false,
            "initial_lifecycle_hook": [],
            "instance_maintenance_policy": [],
            "instance_refresh": [],
            "launch_configuration": "",
            "launch_template": [],
            "load_balancers": [],
            "max_instance_lifetime": 0,
            "max_size": 6,
            "metrics_granularity": "1Minute",
            "min_elb_capacity": null,
            "min_size": 2,
            "mixed_instances_policy": [
              {
                "instances_distribution": [
                  {
                    "on_demand_allocation_strategy": "prioritized",
                    "on_demand_base_capacity": 0,
                    "on_demand_percentage_above_base_capacity": 100,
                    "spot_allocation_strategy": "lowest-price",
                    "spot_instance_pools": 2,
                    "spot_max_price": ""
                  }
                ],
                "launch_template": [
                  {
                    "launch_template_specification": [
                      {
                        "launch_template_id": "lt-0faf60e4c6b8f72a4",
                        "launch_template_name": "frontend20240926192110273800000002",
                        "version": "$Default"
                      }
                    ],
                    "override": []
                  }
                ]
              }
            ],
            "name": "frontendASG",
            "name_prefix": "",
            "placement_group": "",
            "predicted_capacity": 0,
            "protect_from_scale_in": false,
            "service_linked_role_arn": "arn:aws:iam::689587120140:role/aws-service-role/autoscaling.amazonaws.com/AWSServiceRoleForAutoScaling",
            "suspended_processes": null,
            "tag": [
              {
                "key": "Name",
                "propagate_at_launch": true,
                "value": "FrontendInstance"
              }
            ],
            "target_group_arns": [
              "arn:aws:elasticloadbalancing:us-east-1:689587120140:targetgroup/frontendTG/8929dce533f58c9b"
            ],
            "termination_policies": null,
            "timeouts": null,
            "traffic_source": [
              {
                "identifier": "arn:aws:elasticloadbalancing:us-east-1:689587120140:targetgroup/frontendTG/8929dce533f58c9b",
                "type": "elbv2"
              }
            ],
            "vpc_zone_identifier": [
              "subnet-02685a92c7d068fd0",
              "subnet-089f7d95ac4f6e296"
            ],
            "wait_for_capacity_timeout": "10m",
            "wait_for_elb_capacity": null,
            "warm_pool": [],
            "warm_pool_size": 0
          },
          "sensitive_attributes": [],
          "private": "eyJlMmJmYjczMC1lY2FhLTExZTYtOGY4OC0zNDM2M2JjN2M0YzAiOnsiZGVsZXRlIjo2MDAwMDAwMDAwMDAsInVwZGF0ZSI6NjAwMDAwMDAwMDAwfSwic2NoZW1hX3ZlcnNpb24iOiIxIn0=",
          "dependencies": [
            "aws_subnet.public_subnet_A",
            "aws_subnet.public_subnet_B",
            "aws_vpc.vpc_web",
            "module.ec2.aws_launch_template.frontend",
            "module.ec2.aws_security_group.webserver_sg",
            "module.elb.aws_lb_target_group.frontendTG"
          ]
        }
      ]
    },
    {
      "module": "module.asg",
      "mode": "managed",
      "type": "aws_autoscaling_policy",
      "name": "asgpolicy",
      "provider": "provider[\"registry.terraform.io/hashicorp/aws\"]",
      "instances": [
        {
          "schema_version": 0,
          "attributes": {
            "adjustment_type": "",
            "arn": "arn:aws:autoscaling:us-east-1:689587120140:scalingPolicy:d902a0bb-3397-4da3-a950-e2aa597b2abc:autoScalingGroupName/frontendASG:policyName/asgpolicy",
            "autoscaling_group_name": "frontendASG",
            "cooldown": 0,
            "enabled": true,
            "estimated_instance_warmup": 300,
            "id": "asgpolicy",
            "metric_aggregation_type": "",
            "min_adjustment_magnitude": 0,
            "name": "asgpolicy",
            "policy_type": "TargetTrackingScaling",
            "predictive_scaling_configuration": [],
            "scaling_adjustment": 0,
            "step_adjustment": [],
            "target_tracking_configuration": [
              {
                "customized_metric_specification": [],
                "disable_scale_in": false,
                "predefined_metric_specification": [
                  {
                    "predefined_metric_type": "ASGAverageCPUUtilization",
                    "resource_label": ""
                  }
                ],
                "target_value": 25
              }
            ]
          },
          "sensitive_attributes": [],
          "private": "bnVsbA==",
          "dependencies": [
            "aws_subnet.public_subnet_A",
            "aws_subnet.public_subnet_B",
            "aws_vpc.vpc_web",
            "module.asg.aws_autoscaling_group.frontendASG",
            "module.ec2.aws_launch_template.frontend",
            "module.ec2.aws_security_group.webserver_sg",
            "module.elb.aws_lb_target_group.frontendTG"
          ]
        }
      ]
    },
    {
      "module": "module.ec2",
      "mode": "managed",
      "type": "aws_launch_template",
      "name": "frontend",
      "provider": "provider[\"registry.terraform.io/hashicorp/aws\"]",
      "instances": [
        {
          "schema_version": 0,
          "attributes": {
            "arn": "arn:aws:ec2:us-east-1:689587120140:launch-template/lt-0faf60e4c6b8f72a4",
            "block_device_mappings": [],
            "capacity_reservation_specification": [],
            "cpu_options": [],
            "credit_specification": [],
            "default_version": 1,
            "description": "",
            "disable_api_stop": false,
            "disable_api_termination": false,
            "ebs_optimized": "",
            "elastic_gpu_specifications": [],
            "elastic_inference_accelerator": [],
            "enclave_options": [],
            "hibernation_options": [],
            "iam_instance_profile": [],
            "id": "lt-0faf60e4c6b8f72a4",
            "image_id": "ami-0ebfd941bbafe70c6",
            "instance_initiated_shutdown_behavior": "",
            "instance_market_options": [],
            "instance_requirements": [],
            "instance_type": "t2.micro",
            "kernel_id": "",
            "key_name": "efantus_key",
            "latest_version": 1,
            "license_specification": [],
            "maintenance_options": [],
            "metadata_options": [],
            "monitoring": [],
            "name": "frontend20240926192110273800000002",
            "name_prefix": "frontend",
            "network_interfaces": [
              {
                "associate_carrier_ip_address": "",
                "associate_public_ip_address": "true",
                "delete_on_termination": "",
                "description": "",
                "device_index": 0,
                "interface_type": "",
                "ipv4_address_count": 0,
                "ipv4_addresses": null,
                "ipv4_prefix_count": 0,
                "ipv4_prefixes": null,
                "ipv6_address_count": 0,
                "ipv6_addresses": null,
                "ipv6_prefix_count": 0,
                "ipv6_prefixes": null,
                "network_card_index": 0,
                "network_interface_id": "",
                "primary_ipv6": "",
                "private_ip_address": "",
                "security_groups": [
                  "sg-06138c9cdee6182c2"
                ],
                "subnet_id": ""
              }
            ],
            "placement": [],
            "private_dns_name_options": [],
            "ram_disk_id": "",
            "security_group_names": null,
            "tag_specifications": [],
            "tags": null,
            "tags_all": {},
            "update_default_version": null,
            "user_data": "IyEvYmluL2Jhc2gKIyBVcGRhdGUgdGhlIHBhY2thZ2UgaW5kZXgKeXVtIHVwZGF0ZSAteQoKIyBJbnN0YWxsIEFwYWNoZSAoaHR0cGQpCnl1bSBpbnN0YWxsIC15IGh0dHBkCgojIFN0YXJ0IHRoZSBBcGFjaGUgc2VydmljZQpzeXN0ZW1jdGwgc3RhcnQgaHR0cGQKCiMgRW5hYmxlIEFwYWNoZSB0byBzdGFydCBvbiBib290CnN5c3RlbWN0bCBlbmFibGUgaHR0cGQKCiMgQ3JlYXRlIGEgc3R5bGVkIGluZGV4Lmh0bWwgd2l0aCByZWFsIGltYWdlcyBhbmQgVVJMcwpjYXQgPDxFT00gPiAvdmFyL3d3dy9odG1sL2luZGV4Lmh0bWwKPCFET0NUWVBFIGh0bWw+CjxodG1sIGxhbmc9ImVuIj4KPGhlYWQ+CiAgICA8bWV0YSBjaGFyc2V0PSJVVEYtOCI+CiAgICA8bWV0YSBuYW1lPSJ2aWV3cG9ydCIgY29udGVudD0id2lkdGg9ZGV2aWNlLXdpZHRoLCBpbml0aWFsLXNjYWxlPTEuMCI+CiAgICA8dGl0bGU+V2VsY29tZSB0byBNeSBXZWIgU2VydmVyPC90aXRsZT4KICAgIDxzdHlsZT4KICAgICAgICBib2R5IHsKICAgICAgICAgICAgZm9udC1mYW1pbHk6IEFyaWFsLCBzYW5zLXNlcmlmOwogICAgICAgICAgICBiYWNrZ3JvdW5kLWNvbG9yOiAjZjRmNGY0OwogICAgICAgICAgICBjb2xvcjogIzMzMzsKICAgICAgICAgICAgdGV4dC1hbGlnbjogY2VudGVyOwogICAgICAgICAgICBwYWRkaW5nOiA1MHB4OwogICAgICAgIH0KICAgICAgICBoMSB7CiAgICAgICAgICAgIGNvbG9yOiAjNUQ1QzYxOwogICAgICAgICAgICBmb250LXNpemU6IDQ4cHg7CiAgICAgICAgICAgIG1hcmdpbi1ib3R0b206IDIwcHg7CiAgICAgICAgfQogICAgICAgIHAgewogICAgICAgICAgICBmb250LXNpemU6IDI0cHg7CiAgICAgICAgICAgIGNvbG9yOiAjMzc5NjgzOwogICAgICAgIH0KICAgICAgICAuY29udGFpbmVyIHsKICAgICAgICAgICAgbWF4LXdpZHRoOiA4MDBweDsKICAgICAgICAgICAgbWFyZ2luOiBhdXRvOwogICAgICAgICAgICBwYWRkaW5nOiAyMHB4OwogICAgICAgICAgICBiYWNrZ3JvdW5kLWNvbG9yOiAjZmZmOwogICAgICAgICAgICBib3JkZXItcmFkaXVzOiAxMHB4OwogICAgICAgICAgICBib3gtc2hhZG93OiAwIDRweCA4cHggcmdiYSgwLCAwLCAwLCAwLjEpOwogICAgICAgIH0KICAgICAgICBpbWcgewogICAgICAgICAgICBtYXgtd2lkdGg6IDEwMCU7CiAgICAgICAgICAgIGhlaWdodDogYXV0bzsKICAgICAgICAgICAgYm9yZGVyLXJhZGl1czogMTBweDsKICAgICAgICAgICAgbWFyZ2luLXRvcDogMjBweDsKICAgICAgICB9CiAgICA8L3N0eWxlPgo8L2hlYWQ+Cjxib2R5PgogICAgPGRpdiBjbGFzcz0iY29udGFpbmVyIj4KICAgICAgICA8aDE+V2VsY29tZSB0byBNeSBXZWIgU2VydmVyITwvaDE+CiAgICAgICAgPHA+VGhpcyBpcyBhIHNpbXBsZSB3ZWIgcGFnZSBzZXJ2ZWQgYnkgQXBhY2hlIG9uIEVDMi48L3A+CiAgICAgICAgPGltZyBzcmM9Imh0dHBzOi8vaW1hZ2VzLnVuc3BsYXNoLmNvbS9waG90by0xNTA2NzQ4Njg2MjE0LWU5ZGYxNGQ0ZDlkMD9hdXRvPWZvcm1hdCZmaXQ9Y3JvcCZ3PTgwMCZxPTYwIiBhbHQ9IkltYWdlIDEiPgogICAgICAgIDxwPkV4cGxvcmUgdGhlIHdvcmxkIG9mIGNsb3VkIGNvbXB1dGluZyE8L3A+CiAgICAgICAgPGltZyBzcmM9Imh0dHBzOi8vaW1hZ2VzLnVuc3BsYXNoLmNvbS9waG90by0xNTE5OTk5NDgyNjQ4LTI1MDQ5ZGRkMzdiMT9hdXRvPWZvcm1hdCZmaXQ9Y3JvcCZ3PTgwMCZxPTYwIiBhbHQ9IkltYWdlIDIiPgogICAgICAgIDxwPktlZXAgbGVhcm5pbmcgYW5kIGJ1aWxkaW5nITwvcD4KICAgIDwvZGl2Pgo8L2JvZHk+CjwvaHRtbD4KRU9NCgojIFJlc3RhcnQgQXBhY2hlIHNlcnZpY2UgdG8gc2VydmUgdGhlIG5ldyBjb250ZW50CnN5c3RlbWN0bCByZXN0YXJ0IGh0dHBk",
            "vpc_security_group_ids": null
          },
          "sensitive_attributes": [],
          "private": "bnVsbA==",
          "dependencies": [
            "aws_vpc.vpc_web",
            "module.ec2.aws_security_group.webserver_sg"
          ],
          "create_before_destroy": true
        }
      ]
    },
    {
      "module": "module.ec2",
      "mode": "managed",
      "type": "aws_security_group",
      "name": "webserver_sg",
      "provider": "provider[\"registry.terraform.io/hashicorp/aws\"]",
      "instances": [
        {
          "schema_version": 1,
          "attributes": {
            "arn": "arn:aws:ec2:us-east-1:689587120140:security-group/sg-06138c9cdee6182c2",
            "description": "allow traffic from port 80 \u0026 allow all outgoing traffic",
            "egress": [],
            "id": "sg-06138c9cdee6182c2",
            "ingress": [],
            "name": "webserver_sg",
            "name_prefix": "",
            "owner_id": "689587120140",
            "revoke_rules_on_delete": false,
            "tags": {
              "Name": "webserver_sg"
            },
            "tags_all": {
              "Name": "webserver_sg"
            },
            "timeouts": null,
            "vpc_id": "vpc-0563f1ec43c9d91a6"
          },
          "sensitive_attributes": [],
          "private": "eyJlMmJmYjczMC1lY2FhLTExZTYtOGY4OC0zNDM2M2JjN2M0YzAiOnsiY3JlYXRlIjo2MDAwMDAwMDAwMDAsImRlbGV0ZSI6OTAwMDAwMDAwMDAwfSwic2NoZW1hX3ZlcnNpb24iOiIxIn0=",
          "dependencies": [
            "aws_vpc.vpc_web"
          ],
          "create_before_destroy": true
        }
      ]
    },
    {
      "module": "module.ec2",
      "mode": "managed",
      "type": "aws_security_group_rule",
      "name": "allow_internet",
      "provider": "provider[\"registry.terraform.io/hashicorp/aws\"]",
      "instances": [
        {
          "schema_version": 2,
          "attributes": {
            "cidr_blocks": [
              "0.0.0.0/0"
            ],
            "description": "Allow outbound traffic to internet",
            "from_port": 0,
            "id": "sgrule-1419942037",
            "ipv6_cidr_blocks": null,
            "prefix_list_ids": null,
            "protocol": "-1",
            "security_group_id": "sg-06138c9cdee6182c2",
            "security_group_rule_id": "sgr-053671958ca0d8884",
            "self": false,
            "source_security_group_id": null,
            "timeouts": null,
            "to_port": 0,
            "type": "egress"
          },
          "sensitive_attributes": [],
          "private": "eyJlMmJmYjczMC1lY2FhLTExZTYtOGY4OC0zNDM2M2JjN2M0YzAiOnsiY3JlYXRlIjozMDAwMDAwMDAwMDB9LCJzY2hlbWFfdmVyc2lvbiI6IjIifQ==",
          "dependencies": [
            "aws_vpc.vpc_web",
            "module.ec2.aws_security_group.webserver_sg"
          ]
        }
      ]
    },
    {
      "module": "module.ec2",
      "mode": "managed",
      "type": "aws_security_group_rule",
      "name": "allow_tcp_https_443",
      "provider": "provider[\"registry.terraform.io/hashicorp/aws\"]",
      "instances": [
        {
          "schema_version": 2,
          "attributes": {
            "cidr_blocks": [
              "0.0.0.0/0"
            ],
            "description": "Allow HTTPS access",
            "from_port": 443,
            "id": "sgrule-2182970718",
            "ipv6_cidr_blocks": null,
            "prefix_list_ids": null,
            "protocol": "tcp",
            "security_group_id": "sg-06138c9cdee6182c2",
            "security_group_rule_id": "sgr-0e3749cabe5e7ba7e",
            "self": false,
            "source_security_group_id": null,
            "timeouts": null,
            "to_port": 443,
            "type": "ingress"
          },
          "sensitive_attributes": [],
          "private": "eyJlMmJmYjczMC1lY2FhLTExZTYtOGY4OC0zNDM2M2JjN2M0YzAiOnsiY3JlYXRlIjozMDAwMDAwMDAwMDB9LCJzY2hlbWFfdmVyc2lvbiI6IjIifQ==",
          "dependencies": [
            "aws_vpc.vpc_web",
            "module.ec2.aws_security_group.webserver_sg"
          ]
        }
      ]
    },
    {
      "module": "module.ec2",
      "mode": "managed",
      "type": "aws_security_group_rule",
      "name": "allow_tcp_ssh_22",
      "provider": "provider[\"registry.terraform.io/hashicorp/aws\"]",
      "instances": [
        {
          "schema_version": 2,
          "attributes": {
            "cidr_blocks": [
              "0.0.0.0/0"
            ],
            "description": "Allow SSH access",
            "from_port": 22,
            "id": "sgrule-1867072174",
            "ipv6_cidr_blocks": null,
            "prefix_list_ids": null,
            "protocol": "tcp",
            "security_group_id": "sg-06138c9cdee6182c2",
            "security_group_rule_id": "sgr-00ad85fff792d2ce3",
            "self": false,
            "source_security_group_id": null,
            "timeouts": null,
            "to_port": 22,
            "type": "ingress"
          },
          "sensitive_attributes": [],
          "private": "eyJlMmJmYjczMC1lY2FhLTExZTYtOGY4OC0zNDM2M2JjN2M0YzAiOnsiY3JlYXRlIjozMDAwMDAwMDAwMDB9LCJzY2hlbWFfdmVyc2lvbiI6IjIifQ==",
          "dependencies": [
            "aws_vpc.vpc_web",
            "module.ec2.aws_security_group.webserver_sg"
          ]
        }
      ]
    },
    {
      "module": "module.ec2",
      "mode": "managed",
      "type": "aws_security_group_rule",
      "name": "allow_tcp_web_80",
      "provider": "provider[\"registry.terraform.io/hashicorp/aws\"]",
      "instances": [
        {
          "schema_version": 2,
          "attributes": {
            "cidr_blocks": [
              "0.0.0.0/0"
            ],
            "description": "Allow HTTP from Web ELB",
            "from_port": 80,
            "id": "sgrule-3653443355",
            "ipv6_cidr_blocks": null,
            "prefix_list_ids": null,
            "protocol": "tcp",
            "security_group_id": "sg-06138c9cdee6182c2",
            "security_group_rule_id": "sgr-02efdee8ba185b0cb",
            "self": false,
            "source_security_group_id": null,
            "timeouts": null,
            "to_port": 80,
            "type": "ingress"
          },
          "sensitive_attributes": [],
          "private": "eyJlMmJmYjczMC1lY2FhLTExZTYtOGY4OC0zNDM2M2JjN2M0YzAiOnsiY3JlYXRlIjozMDAwMDAwMDAwMDB9LCJzY2hlbWFfdmVyc2lvbiI6IjIifQ==",
          "dependencies": [
            "aws_vpc.vpc_web",
            "module.ec2.aws_security_group.webserver_sg"
          ]
        }
      ]
    },
    {
      "module": "module.elb",
      "mode": "managed",
      "type": "aws_lb",
      "name": "frontend_lb",
      "provider": "provider[\"registry.terraform.io/hashicorp/aws\"]",
      "instances": [
        {
          "schema_version": 0,
          "attributes": {
            "access_logs": [
              {
                "bucket": "",
                "enabled": false,
                "prefix": ""
              }
            ],
            "arn": "arn:aws:elasticloadbalancing:us-east-1:689587120140:loadbalancer/app/frontend-lb/7d96199b5fbea5b3",
            "arn_suffix": "app/frontend-lb/7d96199b5fbea5b3",
            "client_keep_alive": 3600,
            "connection_logs": [
              {
                "bucket": "",
                "enabled": false,
                "prefix": ""
              }
            ],
            "customer_owned_ipv4_pool": "",
            "desync_mitigation_mode": "defensive",
            "dns_name": "frontend-lb-1908239469.us-east-1.elb.amazonaws.com",
            "dns_record_client_routing_policy": null,
            "drop_invalid_header_fields": false,
            "enable_cross_zone_load_balancing": true,
            "enable_deletion_protection": false,
            "enable_http2": true,
            "enable_tls_version_and_cipher_suite_headers": false,
            "enable_waf_fail_open": false,
            "enable_xff_client_port": false,
            "enforce_security_group_inbound_rules_on_private_link_traffic": "",
            "id": "arn:aws:elasticloadbalancing:us-east-1:689587120140:loadbalancer/app/frontend-lb/7d96199b5fbea5b3",
            "idle_timeout": 60,
            "internal": false,
            "ip_address_type": "ipv4",
            "load_balancer_type": "application",
            "name": "frontend-lb",
            "name_prefix": "",
            "preserve_host_header": false,
            "security_groups": [
              "sg-028f2846e6657a077"
            ],
            "subnet_mapping": [
              {
                "allocation_id": "",
                "ipv6_address": "",
                "outpost_id": "",
                "private_ipv4_address": "",
                "subnet_id": "subnet-02685a92c7d068fd0"
              },
              {
                "allocation_id": "",
                "ipv6_address": "",
                "outpost_id": "",
                "private_ipv4_address": "",
                "subnet_id": "subnet-089f7d95ac4f6e296"
              }
            ],
            "subnets": [
              "subnet-02685a92c7d068fd0",
              "subnet-089f7d95ac4f6e296"
            ],
            "tags": null,
            "tags_all": {},
            "timeouts": null,
            "vpc_id": "vpc-0563f1ec43c9d91a6",
            "xff_header_processing_mode": "append",
            "zone_id": "Z35SXDOTRQ7X7K"
          },
          "sensitive_attributes": [],
          "private": "eyJlMmJmYjczMC1lY2FhLTExZTYtOGY4OC0zNDM2M2JjN2M0YzAiOnsiY3JlYXRlIjo2MDAwMDAwMDAwMDAsImRlbGV0ZSI6NjAwMDAwMDAwMDAwLCJ1cGRhdGUiOjYwMDAwMDAwMDAwMH19",
          "dependencies": [
            "aws_subnet.public_subnet_A",
            "aws_subnet.public_subnet_B",
            "aws_vpc.vpc_web",
            "module.elb.aws_security_group.web_elb_sg"
          ]
        }
      ]
    },
    {
      "module": "module.elb",
      "mode": "managed",
      "type": "aws_lb_listener",
      "name": "frontendListener",
      "provider": "provider[\"registry.terraform.io/hashicorp/aws\"]",
      "instances": [
        {
          "schema_version": 0,
          "attributes": {
            "alpn_policy": null,
            "arn": "arn:aws:elasticloadbalancing:us-east-1:689587120140:listener/app/frontend-lb/7d96199b5fbea5b3/5d18114e315241e6",
            "certificate_arn": null,
            "default_action": [
              {
                "authenticate_cognito": [],
                "authenticate_oidc": [],
                "fixed_response": [],
                "forward": [],
                "order": 1,
                "redirect": [],
                "target_group_arn": "arn:aws:elasticloadbalancing:us-east-1:689587120140:targetgroup/frontendTG/8929dce533f58c9b",
                "type": "forward"
              }
            ],
            "id": "arn:aws:elasticloadbalancing:us-east-1:689587120140:listener/app/frontend-lb/7d96199b5fbea5b3/5d18114e315241e6",
            "load_balancer_arn": "arn:aws:elasticloadbalancing:us-east-1:689587120140:loadbalancer/app/frontend-lb/7d96199b5fbea5b3",
            "mutual_authentication": [],
            "port": 80,
            "protocol": "HTTP",
            "ssl_policy": "",
            "tags": null,
            "tags_all": {},
            "timeouts": null
          },
          "sensitive_attributes": [],
          "private": "eyJlMmJmYjczMC1lY2FhLTExZTYtOGY4OC0zNDM2M2JjN2M0YzAiOnsiY3JlYXRlIjozMDAwMDAwMDAwMDAsInVwZGF0ZSI6MzAwMDAwMDAwMDAwfX0=",
          "dependencies": [
            "aws_subnet.public_subnet_A",
            "aws_subnet.public_subnet_B",
            "aws_vpc.vpc_web",
            "module.elb.aws_lb.frontend_lb",
            "module.elb.aws_lb_target_group.frontendTG",
            "module.elb.aws_security_group.web_elb_sg"
          ]
        }
      ]
    },
    {
      "module": "module.elb",
      "mode": "managed",
      "type": "aws_lb_target_group",
      "name": "frontendTG",
      "provider": "provider[\"registry.terraform.io/hashicorp/aws\"]",
      "instances": [
        {
          "schema_version": 0,
          "attributes": {
            "arn": "arn:aws:elasticloadbalancing:us-east-1:689587120140:targetgroup/frontendTG/8929dce533f58c9b",
            "arn_suffix": "targetgroup/frontendTG/8929dce533f58c9b",
            "connection_termination": null,
            "deregistration_delay": "300",
            "health_check": [
              {
                "enabled": true,
                "healthy_threshold": 3,
                "interval": 30,
                "matcher": "200",
                "path": "/",
                "port": "80",
                "protocol": "HTTP",
                "timeout": 5,
                "unhealthy_threshold": 3
              }
            ],
            "id": "arn:aws:elasticloadbalancing:us-east-1:689587120140:targetgroup/frontendTG/8929dce533f58c9b",
            "ip_address_type": "ipv4",
            "lambda_multi_value_headers_enabled": false,
            "load_balancer_arns": [],
            "load_balancing_algorithm_type": "round_robin",
            "load_balancing_anomaly_mitigation": "off",
            "load_balancing_cross_zone_enabled": "use_load_balancer_configuration",
            "name": "frontendTG",
            "name_prefix": "",
            "port": 80,
            "preserve_client_ip": null,
            "protocol": "HTTP",
            "protocol_version": "HTTP1",
            "proxy_protocol_v2": false,
            "slow_start": 0,
            "stickiness": [
              {
                "cookie_duration": 86400,
                "cookie_name": "",
                "enabled": false,
                "type": "lb_cookie"
              }
            ],
            "tags": null,
            "tags_all": {},
            "target_failover": [
              {
                "on_deregistration": null,
                "on_unhealthy": null
              }
            ],
            "target_group_health": [
              {
                "dns_failover": [
                  {
                    "minimum_healthy_targets_count": "1",
                    "minimum_healthy_targets_percentage": "off"
                  }
                ],
                "unhealthy_state_routing": [
                  {
                    "minimum_healthy_targets_count": 1,
                    "minimum_healthy_targets_percentage": "off"
                  }
                ]
              }
            ],
            "target_health_state": [
              {
                "enable_unhealthy_connection_termination": null,
                "unhealthy_draining_interval": null
              }
            ],
            "target_type": "instance",
            "vpc_id": "vpc-0563f1ec43c9d91a6"
          },
          "sensitive_attributes": [],
          "private": "bnVsbA==",
          "dependencies": [
            "aws_vpc.vpc_web"
          ]
        }
      ]
    },
    {
      "module": "module.elb",
      "mode": "managed",
      "type": "aws_security_group",
      "name": "web_elb_sg",
      "provider": "provider[\"registry.terraform.io/hashicorp/aws\"]",
      "instances": [
        {
          "schema_version": 1,
          "attributes": {
            "arn": "arn:aws:ec2:us-east-1:689587120140:security-group/sg-028f2846e6657a077",
            "description": "Allow traffic from the internet \u0026 allow all outgoing traffic to webservers",
            "egress": [],
            "id": "sg-028f2846e6657a077",
            "ingress": [],
            "name": "web_elb_sg",
            "name_prefix": "",
            "owner_id": "689587120140",
            "revoke_rules_on_delete": false,
            "tags": {
              "Name": "web_elb_sg"
            },
            "tags_all": {
              "Name": "web_elb_sg"
            },
            "timeouts": null,
            "vpc_id": "vpc-0563f1ec43c9d91a6"
          },
          "sensitive_attributes": [],
          "private": "eyJlMmJmYjczMC1lY2FhLTExZTYtOGY4OC0zNDM2M2JjN2M0YzAiOnsiY3JlYXRlIjo2MDAwMDAwMDAwMDAsImRlbGV0ZSI6OTAwMDAwMDAwMDAwfSwic2NoZW1hX3ZlcnNpb24iOiIxIn0=",
          "dependencies": [
            "aws_vpc.vpc_web"
          ]
        }
      ]
    },
    {
      "module": "module.elb",
      "mode": "managed",
      "type": "aws_security_group_rule",
      "name": "allow_outbound_webelb_web_80",
      "provider": "provider[\"registry.terraform.io/hashicorp/aws\"]",
      "instances": [
        {
          "schema_version": 2,
          "attributes": {
            "cidr_blocks": [
              "10.0.1.0/24"
            ],
            "description": null,
            "from_port": 80,
            "id": "sgrule-1823359548",
            "ipv6_cidr_blocks": null,
            "prefix_list_ids": null,
            "protocol": "tcp",
            "security_group_id": "sg-028f2846e6657a077",
            "security_group_rule_id": "sgr-02a77778c156b46da",
            "self": false,
            "source_security_group_id": null,
            "timeouts": null,
            "to_port": 80,
            "type": "egress"
          },
          "sensitive_attributes": [],
          "private": "eyJlMmJmYjczMC1lY2FhLTExZTYtOGY4OC0zNDM2M2JjN2M0YzAiOnsiY3JlYXRlIjozMDAwMDAwMDAwMDB9LCJzY2hlbWFfdmVyc2lvbiI6IjIifQ==",
          "dependencies": [
            "aws_vpc.vpc_web",
            "module.elb.aws_security_group.web_elb_sg"
          ]
        }
      ]
    },
    {
      "module": "module.elb",
      "mode": "managed",
      "type": "aws_vpc_security_group_ingress_rule",
      "name": "allow_inbound_webelb_80",
      "provider": "provider[\"registry.terraform.io/hashicorp/aws\"]",
      "instances": [
        {
          "schema_version": 0,
          "attributes": {
            "arn": "arn:aws:ec2:us-east-1:689587120140:security-group-rule/sgr-0b54b54296f3bc74a",
            "cidr_ipv4": "0.0.0.0/0",
            "cidr_ipv6": null,
            "description": null,
            "from_port": 80,
            "id": "sgr-0b54b54296f3bc74a",
            "ip_protocol": "tcp",
            "prefix_list_id": null,
            "referenced_security_group_id": null,
            "security_group_id": "sg-028f2846e6657a077",
            "security_group_rule_id": "sgr-0b54b54296f3bc74a",
            "tags": null,
            "tags_all": {},
            "to_port": 80
          },
          "sensitive_attributes": [],
          "dependencies": [
            "aws_vpc.vpc_web",
            "module.elb.aws_security_group.web_elb_sg"
          ]
        }
      ]
    }
  ],
  "check_results": null
}
